
Microsoft Visual Studio Solution File, Format Version 12.00
# Visual Studio 15
VisualStudioVersion = 15.0.26730.16
MinimumVisualStudioVersion = 10.0.40219.1
Project("{FAE04EC0-301F-11D3-BF4B-00C04F79EFBC}") = "Resultmngmnt", "Resultmngmnt\Resultmngmnt.csproj", "{BFDCCFD2-DB14-40EC-B627-F3D9A61ADE39}"
EndProject
Global
	GlobalSection(SolutionConfigurationPlatforms) = preSolution
		Debug|Any CPU = Debug|Any CPU
		Release|Any CPU = Release|Any CPU
	EndGlobalSection
	GlobalSection(ProjectConfigurationPlatforms) = postSolution
		{BFDCCFD2-DB14-40EC-B627-F3D9A61ADE39}.Debug|Any CPU.ActiveCfg = Debug|Any CPU
		{BFDCCFD2-DB14-40EC-B627-F3D9A61ADE39}.Debug|Any CPU.Build.0 = Debug|Any CPU
		{BFDCCFD2-DB14-40EC-B627-F3D9A61ADE39}.Release|Any CPU.ActiveCfg = Release|Any CPU
		{BFDCCFD2-DB14-40EC-B627-F3D9A61ADE39}.Release|Any CPU.Build.0 = Release|Any CPU
	EndGlobalSection
	GlobalSection(SolutionProperties) = preSolution
		HideSolutionNode = FALSE
	EndGlobalSection
	GlobalSection(ExtensibilityGlobals) = postSolution
		SolutionGuid = {95923F33-3507-4A48-8952-0255B96D81C8}
	EndGlobalSection
EndGlobal
